# This file is generated by running "yarn install" inside your project.
# Manual changes might be lost - proceed with caution!

__metadata:
  version: 6
  cacheKey: 8

"agce@workspace:.":
  version: 0.0.0-use.local
  resolution: "agce@workspace:."
  dependencies:
    react-guitar-chords: ^1.0.0
  languageName: unknown
  linkType: soft

"react-guitar-chords@npm:^1.0.0":
  version: 1.0.0
  resolution: "react-guitar-chords@npm:1.0.0"
  dependencies:
    webaudiofont: ^2.5.26
  peerDependencies:
    react: ">=0.14"
    react-dom: ">=0.14"
  checksum: d903caffec55cfca70c3bff2cb1b8ffa53e60dac224a7d0421150b2da3d5fc8598d04af56189ae3ae258bac92e6224247b63ac62e149463df52931dbafd62554
  languageName: node
  linkType: hard

"webaudiofont@npm:^2.5.26":
  version: 2.7.1
  resolution: "webaudiofont@npm:2.7.1"
  checksum: 9c37731cbf017a6688d661b75a317280e09c527f95260c9c6be81f85b145e2bd6876aaf7d103d182bac29ccaa7ee6e46ffc3c8eeabc5acb96786800af7c946fe
  languageName: node
  linkType: hard
